
Microsoft Visual Studio Solution File, Format Version 12.00
# Visual Studio 15
VisualStudioVersion = 15.0.27004.2006
MinimumVisualStudioVersion = 10.0.40219.1
Project("{FAE04EC0-301F-11D3-BF4B-00C04F79EFBC}") = "Compressor", "Compressor\Compressor.csproj", "{4FCF15BD-3407-4692-A585-2C91A99A135F}"
EndProject
Project("{FAE04EC0-301F-11D3-BF4B-00C04F79EFBC}") = "CompressionMeasures", "CompressionMeasures\CompressionMeasures.csproj", "{D5873053-E60D-4A06-A1A7-6644FA5595F4}"
EndProject
Global
	GlobalSection(SolutionConfigurationPlatforms) = preSolution
		Debug|Any CPU = Debug|Any CPU
		Release|Any CPU = Release|Any CPU
	EndGlobalSection
	GlobalSection(ProjectConfigurationPlatforms) = postSolution
		{4FCF15BD-3407-4692-A585-2C91A99A135F}.Debug|Any CPU.ActiveCfg = Debug|Any CPU
		{4FCF15BD-3407-4692-A585-2C91A99A135F}.Debug|Any CPU.Build.0 = Debug|Any CPU
		{4FCF15BD-3407-4692-A585-2C91A99A135F}.Release|Any CPU.ActiveCfg = Release|Any CPU
		{4FCF15BD-3407-4692-A585-2C91A99A135F}.Release|Any CPU.Build.0 = Release|Any CPU
		{D5873053-E60D-4A06-A1A7-6644FA5595F4}.Debug|Any CPU.ActiveCfg = Debug|Any CPU
		{D5873053-E60D-4A06-A1A7-6644FA5595F4}.Debug|Any CPU.Build.0 = Debug|Any CPU
		{D5873053-E60D-4A06-A1A7-6644FA5595F4}.Release|Any CPU.ActiveCfg = Release|Any CPU
		{D5873053-E60D-4A06-A1A7-6644FA5595F4}.Release|Any CPU.Build.0 = Release|Any CPU
	EndGlobalSection
	GlobalSection(SolutionProperties) = preSolution
		HideSolutionNode = FALSE
	EndGlobalSection
	GlobalSection(ExtensibilityGlobals) = postSolution
		SolutionGuid = {B325261A-8C9C-4DE6-A302-C1F36F246035}
	EndGlobalSection
EndGlobal
